// !$*UTF8*$!
{
	archiveVersion = 1;
	classes = {
	};
	objectVersion = 46;
	objects = {

/* Begin PBXBuildFile section */
		02C2D87F15A4A92000C46968 /* UIKit.framework in Frameworks */ = {isa = PBXBuildFile; fileRef = 02C2D87E15A4A92000C46968 /* UIKit.framework */; };
		02C2D88115A4A92000C46968 /* Foundation.framework in Frameworks */ = {isa = PBXBuildFile; fileRef = 02C2D88015A4A92000C46968 /* Foundation.framework */; };
		02C2D88315A4A92000C46968 /* CoreGraphics.framework in Frameworks */ = {isa = PBXBuildFile; fileRef = 02C2D88215A4A92000C46968 /* CoreGraphics.framework */; };
		02C2D88915A4A92000C46968 /* InfoPlist.strings in Resources */ = {isa = PBXBuildFile; fileRef = 02C2D88715A4A92000C46968 /* InfoPlist.strings */; };
		02C2D88B15A4A92000C46968 /* main.m in Sources */ = {isa = PBXBuildFile; fileRef = 02C2D88A15A4A92000C46968 /* main.m */; };
		02C2D88F15A4A92000C46968 /* VLFAppDelegate.m in Sources */ = {isa = PBXBuildFile; fileRef = 02C2D88E15A4A92000C46968 /* VLFAppDelegate.m */; };
		02C2D89215A4A92000C46968 /* VLFViewController.m in Sources */ = {isa = PBXBuildFile; fileRef = 02C2D89115A4A92000C46968 /* VLFViewController.m */; };
		02C2D89515A4A92000C46968 /* VLFViewController.xib in Resources */ = {isa = PBXBuildFile; fileRef = 02C2D89315A4A92000C46968 /* VLFViewController.xib */; };
		02C2D8A115A4B31900C46968 /* VLFAudioGraph.m in Sources */ = {isa = PBXBuildFile; fileRef = 02C2D8A015A4B31900C46968 /* VLFAudioGraph.m */; };
		02C2D8A315A4B46E00C46968 /* AudioToolbox.framework in Frameworks */ = {isa = PBXBuildFile; fileRef = 02C2D8A215A4B46E00C46968 /* AudioToolbox.framework */; };
		9821892615DECF2300DEA89A /* VLFTableViewController.m in Sources */ = {isa = PBXBuildFile; fileRef = 9821892515DECF2300DEA89A /* VLFTableViewController.m */; };
		98366E4015F08942009841A8 /* VLFRecordButton.m in Sources */ = {isa = PBXBuildFile; fileRef = 98366E3F15F08942009841A8 /* VLFRecordButton.m */; };
		9847DE2E1609A08800E05837 /* VLFRecording.m in Sources */ = {isa = PBXBuildFile; fileRef = 9847DE2D1609A08700E05837 /* VLFRecording.m */; };
		9853A2A015F885A800863CD1 /* facesmall.png in Resources */ = {isa = PBXBuildFile; fileRef = 9853A29F15F885A800863CD1 /* facesmall.png */; };
		9853A2A215F8862300863CD1 /* Screen Shot 2012-09-06 at 12.19.09 AM.png in Resources */ = {isa = PBXBuildFile; fileRef = 9853A2A115F8862300863CD1 /* Screen Shot 2012-09-06 at 12.19.09 AM.png */; };
		9853A2A415F886AB00863CD1 /* Screen Shot 2012-09-06 at 12.21.40 AM.png in Resources */ = {isa = PBXBuildFile; fileRef = 9853A2A315F886AB00863CD1 /* Screen Shot 2012-09-06 at 12.21.40 AM.png */; };
		9853A2A91601BAE700863CD1 /* VLFLoopMeter.m in Sources */ = {isa = PBXBuildFile; fileRef = 9853A2A81601BAE700863CD1 /* VLFLoopMeter.m */; };
		9853A2AC1601BCBB00863CD1 /* VLFLoopButton.m in Sources */ = {isa = PBXBuildFile; fileRef = 9853A2AB1601BCBB00863CD1 /* VLFLoopButton.m */; };
		9853A2AF1602C58A00863CD1 /* VLFBackgroundView.m in Sources */ = {isa = PBXBuildFile; fileRef = 9853A2AE1602C58A00863CD1 /* VLFBackgroundView.m */; };
		9866BE3615E20AAC00616193 /* QuartzCore.framework in Frameworks */ = {isa = PBXBuildFile; fileRef = 9866BE3515E20AAC00616193 /* QuartzCore.framework */; };
		9866BE3B15E495F700616193 /* canvassimple@2x.png in Resources */ = {isa = PBXBuildFile; fileRef = 9866BE3A15E495F700616193 /* canvassimple@2x.png */; };
		986F462315F5334900BD8508 /* Accelerate.framework in Frameworks */ = {isa = PBXBuildFile; fileRef = 986F462215F5334900BD8508 /* Accelerate.framework */; };
		9881F355160E8174009C5624 /* VLFRecordingTableCell.m in Sources */ = {isa = PBXBuildFile; fileRef = 9881F354160E8174009C5624 /* VLFRecordingTableCell.m */; };
		9881F369160F9192009C5624 /* three-snaps_pic.png in Resources */ = {isa = PBXBuildFile; fileRef = 9881F368160F9192009C5624 /* three-snaps_pic.png */; };
		9881F36D160F91A0009C5624 /* fiddle2_pic.png in Resources */ = {isa = PBXBuildFile; fileRef = 9881F36C160F91A0009C5624 /* fiddle2_pic.png */; };
		9881F36F160F91AD009C5624 /* newmark_pic.png in Resources */ = {isa = PBXBuildFile; fileRef = 9881F36E160F91AD009C5624 /* newmark_pic.png */; };
		9881F371160F97DF009C5624 /* ukulele_pic.png in Resources */ = {isa = PBXBuildFile; fileRef = 9881F370160F97DF009C5624 /* ukulele_pic.png */; };
		989A492415DAF86B0093ECAC /* doowop.m4a in Resources */ = {isa = PBXBuildFile; fileRef = 989A492315DAF8600093ECAC /* doowop.m4a */; };
		989A493615DD1F130093ECAC /* VLFLoopControl.m in Sources */ = {isa = PBXBuildFile; fileRef = 989A493515DD1F130093ECAC /* VLFLoopControl.m */; };
		98A3CBD115CB86C000C13711 /* AVFoundation.framework in Frameworks */ = {isa = PBXBuildFile; fileRef = 98A3CBD015CB86C000C13711 /* AVFoundation.framework */; };
		98ED2A5615DF00C80035A53B /* canvassimple.png in Resources */ = {isa = PBXBuildFile; fileRef = 98ED2A5515DF00C80035A53B /* canvassimple.png */; };
		98F24E4715F048CD00BB68CD /* newmark.m4a in Resources */ = {isa = PBXBuildFile; fileRef = 98F24E4615F048A500BB68CD /* newmark.m4a */; };
/* End PBXBuildFile section */

/* Begin PBXFileReference section */
		02C2D87A15A4A92000C46968 /* Ira.app */ = {isa = PBXFileReference; explicitFileType = wrapper.application; includeInIndex = 0; path = Ira.app; sourceTree = BUILT_PRODUCTS_DIR; };
		02C2D87E15A4A92000C46968 /* UIKit.framework */ = {isa = PBXFileReference; lastKnownFileType = wrapper.framework; name = UIKit.framework; path = System/Library/Frameworks/UIKit.framework; sourceTree = SDKROOT; };
		02C2D88015A4A92000C46968 /* Foundation.framework */ = {isa = PBXFileReference; lastKnownFileType = wrapper.framework; name = Foundation.framework; path = System/Library/Frameworks/Foundation.framework; sourceTree = SDKROOT; };
		02C2D88215A4A92000C46968 /* CoreGraphics.framework */ = {isa = PBXFileReference; lastKnownFileType = wrapper.framework; name = CoreGraphics.framework; path = System/Library/Frameworks/CoreGraphics.framework; sourceTree = SDKROOT; };
		02C2D88615A4A92000C46968 /* Ira-Info.plist */ = {isa = PBXFileReference; lastKnownFileType = text.plist.xml; path = "Ira-Info.plist"; sourceTree = "<group>"; };
		02C2D88815A4A92000C46968 /* en */ = {isa = PBXFileReference; lastKnownFileType = text.plist.strings; name = en; path = en.lproj/InfoPlist.strings; sourceTree = "<group>"; };
		02C2D88A15A4A92000C46968 /* main.m */ = {isa = PBXFileReference; lastKnownFileType = sourcecode.c.objc; path = main.m; sourceTree = "<group>"; };
		02C2D88C15A4A92000C46968 /* Ira-Prefix.pch */ = {isa = PBXFileReference; lastKnownFileType = sourcecode.c.h; path = "Ira-Prefix.pch"; sourceTree = "<group>"; };
		02C2D88D15A4A92000C46968 /* VLFAppDelegate.h */ = {isa = PBXFileReference; lastKnownFileType = sourcecode.c.h; path = VLFAppDelegate.h; sourceTree = "<group>"; };
		02C2D88E15A4A92000C46968 /* VLFAppDelegate.m */ = {isa = PBXFileReference; lastKnownFileType = sourcecode.c.objc; path = VLFAppDelegate.m; sourceTree = "<group>"; };
		02C2D89015A4A92000C46968 /* VLFViewController.h */ = {isa = PBXFileReference; lastKnownFileType = sourcecode.c.h; path = VLFViewController.h; sourceTree = "<group>"; };
		02C2D89115A4A92000C46968 /* VLFViewController.m */ = {isa = PBXFileReference; lastKnownFileType = sourcecode.c.objc; path = VLFViewController.m; sourceTree = "<group>"; };
		02C2D89415A4A92000C46968 /* en */ = {isa = PBXFileReference; lastKnownFileType = file.xib; name = en; path = en.lproj/VLFViewController.xib; sourceTree = "<group>"; };
		02C2D89F15A4B31900C46968 /* VLFAudioGraph.h */ = {isa = PBXFileReference; fileEncoding = 4; lastKnownFileType = sourcecode.c.h; path = VLFAudioGraph.h; sourceTree = "<group>"; };
		02C2D8A015A4B31900C46968 /* VLFAudioGraph.m */ = {isa = PBXFileReference; fileEncoding = 4; lastKnownFileType = sourcecode.c.objc; path = VLFAudioGraph.m; sourceTree = "<group>"; };
		02C2D8A215A4B46E00C46968 /* AudioToolbox.framework */ = {isa = PBXFileReference; lastKnownFileType = wrapper.framework; name = AudioToolbox.framework; path = System/Library/Frameworks/AudioToolbox.framework; sourceTree = SDKROOT; };
		9821892415DECF2300DEA89A /* VLFTableViewController.h */ = {isa = PBXFileReference; fileEncoding = 4; lastKnownFileType = sourcecode.c.h; path = VLFTableViewController.h; sourceTree = "<group>"; };
		9821892515DECF2300DEA89A /* VLFTableViewController.m */ = {isa = PBXFileReference; fileEncoding = 4; lastKnownFileType = sourcecode.c.objc; path = VLFTableViewController.m; sourceTree = "<group>"; };
		98366E3E15F08942009841A8 /* VLFRecordButton.h */ = {isa = PBXFileReference; fileEncoding = 4; lastKnownFileType = sourcecode.c.h; path = VLFRecordButton.h; sourceTree = "<group>"; };
		98366E3F15F08942009841A8 /* VLFRecordButton.m */ = {isa = PBXFileReference; fileEncoding = 4; lastKnownFileType = sourcecode.c.objc; path = VLFRecordButton.m; sourceTree = "<group>"; };
		9847DE2C1609A08700E05837 /* VLFRecording.h */ = {isa = PBXFileReference; fileEncoding = 4; lastKnownFileType = sourcecode.c.h; path = VLFRecording.h; sourceTree = "<group>"; };
		9847DE2D1609A08700E05837 /* VLFRecording.m */ = {isa = PBXFileReference; fileEncoding = 4; lastKnownFileType = sourcecode.c.objc; path = VLFRecording.m; sourceTree = "<group>"; };
		9853A29F15F885A800863CD1 /* facesmall.png */ = {isa = PBXFileReference; lastKnownFileType = image.png; path = facesmall.png; sourceTree = "<group>"; };
		9853A2A115F8862300863CD1 /* Screen Shot 2012-09-06 at 12.19.09 AM.png */ = {isa = PBXFileReference; lastKnownFileType = image.png; path = "Screen Shot 2012-09-06 at 12.19.09 AM.png"; sourceTree = "<group>"; };
		9853A2A315F886AB00863CD1 /* Screen Shot 2012-09-06 at 12.21.40 AM.png */ = {isa = PBXFileReference; lastKnownFileType = image.png; path = "Screen Shot 2012-09-06 at 12.21.40 AM.png"; sourceTree = "<group>"; };
		9853A2A71601BAE700863CD1 /* VLFLoopMeter.h */ = {isa = PBXFileReference; fileEncoding = 4; lastKnownFileType = sourcecode.c.h; path = VLFLoopMeter.h; sourceTree = "<group>"; };
		9853A2A81601BAE700863CD1 /* VLFLoopMeter.m */ = {isa = PBXFileReference; fileEncoding = 4; lastKnownFileType = sourcecode.c.objc; path = VLFLoopMeter.m; sourceTree = "<group>"; };
		9853A2AA1601BCBB00863CD1 /* VLFLoopButton.h */ = {isa = PBXFileReference; fileEncoding = 4; lastKnownFileType = sourcecode.c.h; path = VLFLoopButton.h; sourceTree = "<group>"; };
		9853A2AB1601BCBB00863CD1 /* VLFLoopButton.m */ = {isa = PBXFileReference; fileEncoding = 4; lastKnownFileType = sourcecode.c.objc; path = VLFLoopButton.m; sourceTree = "<group>"; };
		9853A2AD1602C58A00863CD1 /* VLFBackgroundView.h */ = {isa = PBXFileReference; fileEncoding = 4; lastKnownFileType = sourcecode.c.h; path = VLFBackgroundView.h; sourceTree = "<group>"; };
		9853A2AE1602C58A00863CD1 /* VLFBackgroundView.m */ = {isa = PBXFileReference; fileEncoding = 4; lastKnownFileType = sourcecode.c.objc; path = VLFBackgroundView.m; sourceTree = "<group>"; };
		9866BE3515E20AAC00616193 /* QuartzCore.framework */ = {isa = PBXFileReference; lastKnownFileType = wrapper.framework; name = QuartzCore.framework; path = System/Library/Frameworks/QuartzCore.framework; sourceTree = SDKROOT; };
		9866BE3A15E495F700616193 /* canvassimple@2x.png */ = {isa = PBXFileReference; lastKnownFileType = image.png; name = "canvassimple@2x.png"; path = "../../canvassimple@2x.png"; sourceTree = "<group>"; };
		986F462215F5334900BD8508 /* Accelerate.framework */ = {isa = PBXFileReference; lastKnownFileType = wrapper.framework; name = Accelerate.framework; path = System/Library/Frameworks/Accelerate.framework; sourceTree = SDKROOT; };
		9872A49D15B33AC70030EDB8 /* VLFAudioUtilities.h */ = {isa = PBXFileReference; lastKnownFileType = sourcecode.c.h; path = VLFAudioUtilities.h; sourceTree = "<group>"; };
		9881F353160E8174009C5624 /* VLFRecordingTableCell.h */ = {isa = PBXFileReference; fileEncoding = 4; lastKnownFileType = sourcecode.c.h; path = VLFRecordingTableCell.h; sourceTree = "<group>"; };
		9881F354160E8174009C5624 /* VLFRecordingTableCell.m */ = {isa = PBXFileReference; fileEncoding = 4; lastKnownFileType = sourcecode.c.objc; path = VLFRecordingTableCell.m; sourceTree = "<group>"; };
		9881F364160F90FA009C5624 /* fiddle2.m4a */ = {isa = PBXFileReference; lastKnownFileType = file; path = fiddle2.m4a; sourceTree = "<group>"; };
		9881F365160F9105009C5624 /* ukulele.m4a */ = {isa = PBXFileReference; lastKnownFileType = file; path = ukulele.m4a; sourceTree = "<group>"; };
		9881F366160F915D009C5624 /* newmark.m4a */ = {isa = PBXFileReference; lastKnownFileType = file; path = newmark.m4a; sourceTree = "<group>"; };
		9881F367160F915D009C5624 /* three-snaps.m4a */ = {isa = PBXFileReference; lastKnownFileType = file; path = "three-snaps.m4a"; sourceTree = "<group>"; };
		9881F368160F9192009C5624 /* three-snaps_pic.png */ = {isa = PBXFileReference; lastKnownFileType = image.png; path = "three-snaps_pic.png"; sourceTree = "<group>"; };
		9881F36C160F91A0009C5624 /* fiddle2_pic.png */ = {isa = PBXFileReference; lastKnownFileType = image.png; path = fiddle2_pic.png; sourceTree = "<group>"; };
		9881F36E160F91AD009C5624 /* newmark_pic.png */ = {isa = PBXFileReference; lastKnownFileType = image.png; path = newmark_pic.png; sourceTree = "<group>"; };
		9881F370160F97DF009C5624 /* ukulele_pic.png */ = {isa = PBXFileReference; lastKnownFileType = image.png; path = ukulele_pic.png; sourceTree = "<group>"; };
		989A492315DAF8600093ECAC /* doowop.m4a */ = {isa = PBXFileReference; lastKnownFileType = file; name = doowop.m4a; path = "../../../Library/Application Support/iPhone Simulator/5.1/Applications/078F6802-F339-429D-92C8-7DE4FB47B4C4/Documents/doowop.m4a"; sourceTree = "<group>"; };
		989A493415DD1F130093ECAC /* VLFLoopControl.h */ = {isa = PBXFileReference; fileEncoding = 4; lastKnownFileType = sourcecode.c.h; path = VLFLoopControl.h; sourceTree = "<group>"; };
		989A493515DD1F130093ECAC /* VLFLoopControl.m */ = {isa = PBXFileReference; fileEncoding = 4; lastKnownFileType = sourcecode.c.objc; path = VLFLoopControl.m; sourceTree = "<group>"; };
		98A3CBD015CB86C000C13711 /* AVFoundation.framework */ = {isa = PBXFileReference; lastKnownFileType = wrapper.framework; name = AVFoundation.framework; path = System/Library/Frameworks/AVFoundation.framework; sourceTree = SDKROOT; };
		98ED2A5515DF00C80035A53B /* canvassimple.png */ = {isa = PBXFileReference; lastKnownFileType = image.png; name = canvassimple.png; path = ../../canvassimple.png; sourceTree = "<group>"; };
		98F24E4615F048A500BB68CD /* newmark.m4a */ = {isa = PBXFileReference; lastKnownFileType = file; name = newmark.m4a; path = "../../../Music/iTunes/iTunes Media/Music/Unknown Artist/Unknown Album/newmark.m4a"; sourceTree = "<group>"; };
/* End PBXFileReference section */

/* Begin PBXFrameworksBuildPhase section */
		02C2D87715A4A92000C46968 /* Frameworks */ = {
			isa = PBXFrameworksBuildPhase;
			buildActionMask = 2147483647;
			files = (
				986F462315F5334900BD8508 /* Accelerate.framework in Frameworks */,
				9866BE3615E20AAC00616193 /* QuartzCore.framework in Frameworks */,
				98A3CBD115CB86C000C13711 /* AVFoundation.framework in Frameworks */,
				02C2D8A315A4B46E00C46968 /* AudioToolbox.framework in Frameworks */,
				02C2D87F15A4A92000C46968 /* UIKit.framework in Frameworks */,
				02C2D88115A4A92000C46968 /* Foundation.framework in Frameworks */,
				02C2D88315A4A92000C46968 /* CoreGraphics.framework in Frameworks */,
			);
			runOnlyForDeploymentPostprocessing = 0;
		};
/* End PBXFrameworksBuildPhase section */

/* Begin PBXGroup section */
		02C2D86F15A4A92000C46968 = {
			isa = PBXGroup;
			children = (
				9853A2A315F886AB00863CD1 /* Screen Shot 2012-09-06 at 12.21.40 AM.png */,
				9853A2A115F8862300863CD1 /* Screen Shot 2012-09-06 at 12.19.09 AM.png */,
				9853A29F15F885A800863CD1 /* facesmall.png */,
				986F462215F5334900BD8508 /* Accelerate.framework */,
				9866BE3515E20AAC00616193 /* QuartzCore.framework */,
				98A3CBD015CB86C000C13711 /* AVFoundation.framework */,
				02C2D8A215A4B46E00C46968 /* AudioToolbox.framework */,
				02C2D88415A4A92000C46968 /* Ira */,
				02C2D87D15A4A92000C46968 /* Frameworks */,
				02C2D87B15A4A92000C46968 /* Products */,
			);
			sourceTree = "<group>";
		};
		02C2D87B15A4A92000C46968 /* Products */ = {
			isa = PBXGroup;
			children = (
				02C2D87A15A4A92000C46968 /* Ira.app */,
			);
			name = Products;
			sourceTree = "<group>";
		};
		02C2D87D15A4A92000C46968 /* Frameworks */ = {
			isa = PBXGroup;
			children = (
				02C2D87E15A4A92000C46968 /* UIKit.framework */,
				02C2D88015A4A92000C46968 /* Foundation.framework */,
				02C2D88215A4A92000C46968 /* CoreGraphics.framework */,
			);
			name = Frameworks;
			sourceTree = "<group>";
		};
		02C2D88415A4A92000C46968 /* Ira */ = {
			isa = PBXGroup;
			children = (
				9881F35B160E865F009C5624 /* Main */,
				9881F35A160E820D009C5624 /* Recording */,
				9881F359160E81FE009C5624 /* Audio */,
				9881F358160E81E9009C5624 /* Table */,
				9881F357160E8183009C5624 /* Loop */,
				02C2D88515A4A92000C46968 /* Supporting Files */,
			);
			path = Ira;
			sourceTree = "<group>";
		};
		02C2D88515A4A92000C46968 /* Supporting Files */ = {
			isa = PBXGroup;
			children = (
				9881F35D160F8AA3009C5624 /* Audio */,
				9881F35C160F8A9F009C5624 /* Image */,
				9866BE3A15E495F700616193 /* canvassimple@2x.png */,
				98ED2A5515DF00C80035A53B /* canvassimple.png */,
				02C2D88615A4A92000C46968 /* Ira-Info.plist */,
				02C2D88715A4A92000C46968 /* InfoPlist.strings */,
				02C2D88A15A4A92000C46968 /* main.m */,
				02C2D88C15A4A92000C46968 /* Ira-Prefix.pch */,
			);
			name = "Supporting Files";
			sourceTree = "<group>";
		};
		9881F357160E8183009C5624 /* Loop */ = {
			isa = PBXGroup;
			children = (
				989A493415DD1F130093ECAC /* VLFLoopControl.h */,
				989A493515DD1F130093ECAC /* VLFLoopControl.m */,
				9853A2A71601BAE700863CD1 /* VLFLoopMeter.h */,
				9853A2A81601BAE700863CD1 /* VLFLoopMeter.m */,
				9853A2AA1601BCBB00863CD1 /* VLFLoopButton.h */,
				9853A2AB1601BCBB00863CD1 /* VLFLoopButton.m */,
			);
			name = Loop;
			sourceTree = "<group>";
		};
		9881F358160E81E9009C5624 /* Table */ = {
			isa = PBXGroup;
			children = (
				9881F353160E8174009C5624 /* VLFRecordingTableCell.h */,
				9881F354160E8174009C5624 /* VLFRecordingTableCell.m */,
				9821892415DECF2300DEA89A /* VLFTableViewController.h */,
				9821892515DECF2300DEA89A /* VLFTableViewController.m */,
			);
			name = Table;
			sourceTree = "<group>";
		};
		9881F359160E81FE009C5624 /* Audio */ = {
			isa = PBXGroup;
			children = (
				02C2D89F15A4B31900C46968 /* VLFAudioGraph.h */,
				02C2D8A015A4B31900C46968 /* VLFAudioGraph.m */,
				9872A49D15B33AC70030EDB8 /* VLFAudioUtilities.h */,
			);
			name = Audio;
			sourceTree = "<group>";
		};
		9881F35A160E820D009C5624 /* Recording */ = {
			isa = PBXGroup;
			children = (
				98366E3E15F08942009841A8 /* VLFRecordButton.h */,
				98366E3F15F08942009841A8 /* VLFRecordButton.m */,
				9847DE2C1609A08700E05837 /* VLFRecording.h */,
				9847DE2D1609A08700E05837 /* VLFRecording.m */,
			);
			name = Recording;
			sourceTree = "<group>";
		};
		9881F35B160E865F009C5624 /* Main */ = {
			isa = PBXGroup;
			children = (
				02C2D88D15A4A92000C46968 /* VLFAppDelegate.h */,
				02C2D88E15A4A92000C46968 /* VLFAppDelegate.m */,
				9853A2AD1602C58A00863CD1 /* VLFBackgroundView.h */,
				9853A2AE1602C58A00863CD1 /* VLFBackgroundView.m */,
				02C2D89015A4A92000C46968 /* VLFViewController.h */,
				02C2D89115A4A92000C46968 /* VLFViewController.m */,
				02C2D89315A4A92000C46968 /* VLFViewController.xib */,
			);
			name = Main;
			sourceTree = "<group>";
		};
		9881F35C160F8A9F009C5624 /* Image */ = {
			isa = PBXGroup;
			children = (
				9881F370160F97DF009C5624 /* ukulele_pic.png */,
				9881F36E160F91AD009C5624 /* newmark_pic.png */,
				9881F36C160F91A0009C5624 /* fiddle2_pic.png */,
				9881F368160F9192009C5624 /* three-snaps_pic.png */,
			);
			name = Image;
			sourceTree = "<group>";
		};
		9881F35D160F8AA3009C5624 /* Audio */ = {
			isa = PBXGroup;
			children = (
				9881F366160F915D009C5624 /* newmark.m4a */,
				9881F367160F915D009C5624 /* three-snaps.m4a */,
				9881F365160F9105009C5624 /* ukulele.m4a */,
				9881F364160F90FA009C5624 /* fiddle2.m4a */,
				989A492315DAF8600093ECAC /* doowop.m4a */,
				98F24E4615F048A500BB68CD /* newmark.m4a */,
			);
			name = Audio;
			sourceTree = "<group>";
		};
/* End PBXGroup section */

/* Begin PBXNativeTarget section */
		02C2D87915A4A92000C46968 /* Ira */ = {
			isa = PBXNativeTarget;
			buildConfigurationList = 02C2D89815A4A92000C46968 /* Build configuration list for PBXNativeTarget "Ira" */;
			buildPhases = (
				02C2D87615A4A92000C46968 /* Sources */,
				02C2D87715A4A92000C46968 /* Frameworks */,
				02C2D87815A4A92000C46968 /* Resources */,
			);
			buildRules = (
			);
			dependencies = (
			);
			name = Ira;
			productName = Ira;
			productReference = 02C2D87A15A4A92000C46968 /* Ira.app */;
			productType = "com.apple.product-type.application";
		};
/* End PBXNativeTarget section */

/* Begin PBXProject section */
		02C2D87115A4A92000C46968 /* Project object */ = {
			isa = PBXProject;
			attributes = {
				CLASSPREFIX = VLF;
				LastUpgradeCheck = 0430;
			};
			buildConfigurationList = 02C2D87415A4A92000C46968 /* Build configuration list for PBXProject "Ira" */;
			compatibilityVersion = "Xcode 3.2";
			developmentRegion = English;
			hasScannedForEncodings = 0;
			knownRegions = (
				en,
			);
			mainGroup = 02C2D86F15A4A92000C46968;
			productRefGroup = 02C2D87B15A4A92000C46968 /* Products */;
			projectDirPath = "";
			projectRoot = "";
			targets = (
				02C2D87915A4A92000C46968 /* Ira */,
			);
		};
/* End PBXProject section */

/* Begin PBXResourcesBuildPhase section */
		02C2D87815A4A92000C46968 /* Resources */ = {
			isa = PBXResourcesBuildPhase;
			buildActionMask = 2147483647;
			files = (
				98F24E4715F048CD00BB68CD /* newmark.m4a in Resources */,
				989A492415DAF86B0093ECAC /* doowop.m4a in Resources */,
				02C2D88915A4A92000C46968 /* InfoPlist.strings in Resources */,
				02C2D89515A4A92000C46968 /* VLFViewController.xib in Resources */,
				98ED2A5615DF00C80035A53B /* canvassimple.png in Resources */,
				9866BE3B15E495F700616193 /* canvassimple@2x.png in Resources */,
				9853A2A015F885A800863CD1 /* facesmall.png in Resources */,
				9853A2A215F8862300863CD1 /* Screen Shot 2012-09-06 at 12.19.09 AM.png in Resources */,
				9853A2A415F886AB00863CD1 /* Screen Shot 2012-09-06 at 12.21.40 AM.png in Resources */,
				9881F369160F9192009C5624 /* three-snaps_pic.png in Resources */,
				9881F36D160F91A0009C5624 /* fiddle2_pic.png in Resources */,
				9881F36F160F91AD009C5624 /* newmark_pic.png in Resources */,
				9881F371160F97DF009C5624 /* ukulele_pic.png in Resources */,
			);
			runOnlyForDeploymentPostprocessing = 0;
		};
/* End PBXResourcesBuildPhase section */

/* Begin PBXSourcesBuildPhase section */
		02C2D87615A4A92000C46968 /* Sources */ = {
			isa = PBXSourcesBuildPhase;
			buildActionMask = 2147483647;
			files = (
				02C2D88B15A4A92000C46968 /* main.m in Sources */,
				02C2D88F15A4A92000C46968 /* VLFAppDelegate.m in Sources */,
				02C2D89215A4A92000C46968 /* VLFViewController.m in Sources */,
				02C2D8A115A4B31900C46968 /* VLFAudioGraph.m in Sources */,
				989A493615DD1F130093ECAC /* VLFLoopControl.m in Sources */,
				9821892615DECF2300DEA89A /* VLFTableViewController.m in Sources */,
				98366E4015F08942009841A8 /* VLFRecordButton.m in Sources */,
				9853A2A91601BAE700863CD1 /* VLFLoopMeter.m in Sources */,
				9853A2AC1601BCBB00863CD1 /* VLFLoopButton.m in Sources */,
				9853A2AF1602C58A00863CD1 /* VLFBackgroundView.m in Sources */,
				9847DE2E1609A08800E05837 /* VLFRecording.m in Sources */,
				9881F355160E8174009C5624 /* VLFRecordingTableCell.m in Sources */,
			);
			runOnlyForDeploymentPostprocessing = 0;
		};
/* End PBXSourcesBuildPhase section */

/* Begin PBXVariantGroup section */
		02C2D88715A4A92000C46968 /* InfoPlist.strings */ = {
			isa = PBXVariantGroup;
			children = (
				02C2D88815A4A92000C46968 /* en */,
			);
			name = InfoPlist.strings;
			sourceTree = "<group>";
		};
		02C2D89315A4A92000C46968 /* VLFViewController.xib */ = {
			isa = PBXVariantGroup;
			children = (
				02C2D89415A4A92000C46968 /* en */,
			);
			name = VLFViewController.xib;
			sourceTree = "<group>";
		};
/* End PBXVariantGroup section */

/* Begin XCBuildConfiguration section */
		02C2D89615A4A92000C46968 /* Debug */ = {
			isa = XCBuildConfiguration;
			buildSettings = {
				ALWAYS_SEARCH_USER_PATHS = NO;
				ARCHS = "$(ARCHS_STANDARD_32_BIT)";
				CLANG_ENABLE_OBJC_ARC = YES;
				"CODE_SIGN_IDENTITY[sdk=iphoneos*]" = "iPhone Developer";
				COPY_PHASE_STRIP = NO;
				GCC_C_LANGUAGE_STANDARD = gnu99;
				GCC_DYNAMIC_NO_PIC = NO;
				GCC_OPTIMIZATION_LEVEL = 0;
				GCC_PREPROCESSOR_DEFINITIONS = (
					"DEBUG=1",
					"$(inherited)",
				);
				GCC_SYMBOLS_PRIVATE_EXTERN = NO;
				GCC_VERSION = com.apple.compilers.llvm.clang.1_0;
				GCC_WARN_ABOUT_RETURN_TYPE = YES;
				GCC_WARN_UNINITIALIZED_AUTOS = YES;
				GCC_WARN_UNUSED_VARIABLE = YES;
				IPHONEOS_DEPLOYMENT_TARGET = 5.1;
				SDKROOT = iphoneos;
			};
			name = Debug;
		};
		02C2D89715A4A92000C46968 /* Release */ = {
			isa = XCBuildConfiguration;
			buildSettings = {
				ALWAYS_SEARCH_USER_PATHS = NO;
				ARCHS = "$(ARCHS_STANDARD_32_BIT)";
				CLANG_ENABLE_OBJC_ARC = YES;
				"CODE_SIGN_IDENTITY[sdk=iphoneos*]" = "iPhone Developer";
				COPY_PHASE_STRIP = YES;
				GCC_C_LANGUAGE_STANDARD = gnu99;
				GCC_VERSION = com.apple.compilers.llvm.clang.1_0;
				GCC_WARN_ABOUT_RETURN_TYPE = YES;
				GCC_WARN_UNINITIALIZED_AUTOS = YES;
				GCC_WARN_UNUSED_VARIABLE = YES;
				IPHONEOS_DEPLOYMENT_TARGET = 5.1;
				OTHER_CFLAGS = "-DNS_BLOCK_ASSERTIONS=1";
				SDKROOT = iphoneos;
				VALIDATE_PRODUCT = YES;
			};
			name = Release;
		};
		02C2D89915A4A92000C46968 /* Debug */ = {
			isa = XCBuildConfiguration;
			buildSettings = {
				GCC_PRECOMPILE_PREFIX_HEADER = YES;
				GCC_PREFIX_HEADER = "Ira/Ira-Prefix.pch";
				INFOPLIST_FILE = "Ira/Ira-Info.plist";
				PRODUCT_NAME = "$(TARGET_NAME)";
				WRAPPER_EXTENSION = app;
			};
			name = Debug;
		};
		02C2D89A15A4A92000C46968 /* Release */ = {
			isa = XCBuildConfiguration;
			buildSettings = {
				GCC_PRECOMPILE_PREFIX_HEADER = YES;
				GCC_PREFIX_HEADER = "Ira/Ira-Prefix.pch";
				INFOPLIST_FILE = "Ira/Ira-Info.plist";
				PRODUCT_NAME = "$(TARGET_NAME)";
				WRAPPER_EXTENSION = app;
			};
			name = Release;
		};
/* End XCBuildConfiguration section */

/* Begin XCConfigurationList section */
		02C2D87415A4A92000C46968 /* Build configuration list for PBXProject "Ira" */ = {
			isa = XCConfigurationList;
			buildConfigurations = (
				02C2D89615A4A92000C46968 /* Debug */,
				02C2D89715A4A92000C46968 /* Release */,
			);
			defaultConfigurationIsVisible = 0;
			defaultConfigurationName = Release;
		};
		02C2D89815A4A92000C46968 /* Build configuration list for PBXNativeTarget "Ira" */ = {
			isa = XCConfigurationList;
			buildConfigurations = (
				02C2D89915A4A92000C46968 /* Debug */,
				02C2D89A15A4A92000C46968 /* Release */,
			);
			defaultConfigurationIsVisible = 0;
			defaultConfigurationName = Release;
		};
/* End XCConfigurationList section */
	};
	rootObject = 02C2D87115A4A92000C46968 /* Project object */;
}
